// !$*UTF8*$!
{
	archiveVersion = 1;
	classes = {
	};
	objectVersion = 46;
	objects = {

/* Begin PBXBuildFile section */
		69A1D5571CCA08C900258781 /* main.m in Sources */ = {isa = PBXBuildFile; fileRef = 69A1D5561CCA08C900258781 /* main.m */; };
		69A1D55A1CCA08C900258781 /* AppDelegate.m in Sources */ = {isa = PBXBuildFile; fileRef = 69A1D5591CCA08C900258781 /* AppDelegate.m */; };
		69A1D55D1CCA08C900258781 /* ViewController.m in Sources */ = {isa = PBXBuildFile; fileRef = 69A1D55C1CCA08C900258781 /* ViewController.m */; };
		69A1D5601CCA08C900258781 /* Main.storyboard in Resources */ = {isa = PBXBuildFile; fileRef = 69A1D55E1CCA08C900258781 /* Main.storyboard */; };
		69A1D5621CCA08C900258781 /* Assets.xcassets in Resources */ = {isa = PBXBuildFile; fileRef = 69A1D5611CCA08C900258781 /* Assets.xcassets */; };
		69A1D5651CCA08C900258781 /* LaunchScreen.storyboard in Resources */ = {isa = PBXBuildFile; fileRef = 69A1D5631CCA08C900258781 /* LaunchScreen.storyboard */; };
		69A1D5701CCA08C900258781 /* NSURLProtocolDemoTests.m in Sources */ = {isa = PBXBuildFile; fileRef = 69A1D56F1CCA08C900258781 /* NSURLProtocolDemoTests.m */; };
		69A1D57B1CCA08C900258781 /* NSURLProtocolDemoUITests.m in Sources */ = {isa = PBXBuildFile; fileRef = 69A1D57A1CCA08C900258781 /* NSURLProtocolDemoUITests.m */; };
		69A1D58A1CCA0A8A00258781 /* CCHTTPProtocol.m in Sources */ = {isa = PBXBuildFile; fileRef = 69A1D5891CCA0A8A00258781 /* CCHTTPProtocol.m */; };
/* End PBXBuildFile section */

/* Begin PBXContainerItemProxy section */
		69A1D56C1CCA08C900258781 /* PBXContainerItemProxy */ = {
			isa = PBXContainerItemProxy;
			containerPortal = 69A1D54A1CCA08C900258781 /* Project object */;
			proxyType = 1;
			remoteGlobalIDString = 69A1D5511CCA08C900258781;
			remoteInfo = NSURLProtocolDemo;
		};
		69A1D5771CCA08C900258781 /* PBXContainerItemProxy */ = {
			isa = PBXContainerItemProxy;
			containerPortal = 69A1D54A1CCA08C900258781 /* Project object */;
			proxyType = 1;
			remoteGlobalIDString = 69A1D5511CCA08C900258781;
			remoteInfo = NSURLProtocolDemo;
		};
/* End PBXContainerItemProxy section */

/* Begin PBXFileReference section */
		69A1D5521CCA08C900258781 /* NSURLProtocolDemo.app */ = {isa = PBXFileReference; explicitFileType = wrapper.application; includeInIndex = 0; path = NSURLProtocolDemo.app; sourceTree = BUILT_PRODUCTS_DIR; };
		69A1D5561CCA08C900258781 /* main.m */ = {isa = PBXFileReference; lastKnownFileType = sourcecode.c.objc; path = main.m; sourceTree = "<group>"; };
		69A1D5581CCA08C900258781 /* AppDelegate.h */ = {isa = PBXFileReference; lastKnownFileType = sourcecode.c.h; path = AppDelegate.h; sourceTree = "<group>"; };
		69A1D5591CCA08C900258781 /* AppDelegate.m */ = {isa = PBXFileReference; lastKnownFileType = sourcecode.c.objc; path = AppDelegate.m; sourceTree = "<group>"; };
		69A1D55B1CCA08C900258781 /* ViewController.h */ = {isa = PBXFileReference; lastKnownFileType = sourcecode.c.h; path = ViewController.h; sourceTree = "<group>"; };
		69A1D55C1CCA08C900258781 /* ViewController.m */ = {isa = PBXFileReference; lastKnownFileType = sourcecode.c.objc; path = ViewController.m; sourceTree = "<group>"; };
		69A1D55F1CCA08C900258781 /* Base */ = {isa = PBXFileReference; lastKnownFileType = file.storyboard; name = Base; path = Base.lproj/Main.storyboard; sourceTree = "<group>"; };
		69A1D5611CCA08C900258781 /* Assets.xcassets */ = {isa = PBXFileReference; lastKnownFileType = folder.assetcatalog; path = Assets.xcassets; sourceTree = "<group>"; };
		69A1D5641CCA08C900258781 /* Base */ = {isa = PBXFileReference; lastKnownFileType = file.storyboard; name = Base; path = Base.lproj/LaunchScreen.storyboard; sourceTree = "<group>"; };
		69A1D5661CCA08C900258781 /* Info.plist */ = {isa = PBXFileReference; lastKnownFileType = text.plist.xml; path = Info.plist; sourceTree = "<group>"; };
		69A1D56B1CCA08C900258781 /* NSURLProtocolDemoTests.xctest */ = {isa = PBXFileReference; explicitFileType = wrapper.cfbundle; includeInIndex = 0; path = NSURLProtocolDemoTests.xctest; sourceTree = BUILT_PRODUCTS_DIR; };
		69A1D56F1CCA08C900258781 /* NSURLProtocolDemoTests.m */ = {isa = PBXFileReference; lastKnownFileType = sourcecode.c.objc; path = NSURLProtocolDemoTests.m; sourceTree = "<group>"; };
		69A1D5711CCA08C900258781 /* Info.plist */ = {isa = PBXFileReference; lastKnownFileType = text.plist.xml; path = Info.plist; sourceTree = "<group>"; };
		69A1D5761CCA08C900258781 /* NSURLProtocolDemoUITests.xctest */ = {isa = PBXFileReference; explicitFileType = wrapper.cfbundle; includeInIndex = 0; path = NSURLProtocolDemoUITests.xctest; sourceTree = BUILT_PRODUCTS_DIR; };
		69A1D57A1CCA08C900258781 /* NSURLProtocolDemoUITests.m */ = {isa = PBXFileReference; lastKnownFileType = sourcecode.c.objc; path = NSURLProtocolDemoUITests.m; sourceTree = "<group>"; };
		69A1D57C1CCA08C900258781 /* Info.plist */ = {isa = PBXFileReference; lastKnownFileType = text.plist.xml; path = Info.plist; sourceTree = "<group>"; };
		69A1D5881CCA0A8A00258781 /* CCHTTPProtocol.h */ = {isa = PBXFileReference; fileEncoding = 4; lastKnownFileType = sourcecode.c.h; path = CCHTTPProtocol.h; sourceTree = "<group>"; };
		69A1D5891CCA0A8A00258781 /* CCHTTPProtocol.m */ = {isa = PBXFileReference; fileEncoding = 4; lastKnownFileType = sourcecode.c.objc; path = CCHTTPProtocol.m; sourceTree = "<group>"; };
/* End PBXFileReference section */

/* Begin PBXFrameworksBuildPhase section */
		69A1D54F1CCA08C900258781 /* Frameworks */ = {
			isa = PBXFrameworksBuildPhase;
			buildActionMask = 2147483647;
			files = (
			);
			runOnlyForDeploymentPostprocessing = 0;
		};
		69A1D5681CCA08C900258781 /* Frameworks */ = {
			isa = PBXFrameworksBuildPhase;
			buildActionMask = 2147483647;
			files = (
			);
			runOnlyForDeploymentPostprocessing = 0;
		};
		69A1D5731CCA08C900258781 /* Frameworks */ = {
			isa = PBXFrameworksBuildPhase;
			buildActionMask = 2147483647;
			files = (
			);
			runOnlyForDeploymentPostprocessing = 0;
		};
/* End PBXFrameworksBuildPhase section */

/* Begin PBXGroup section */
		69A1D5491CCA08C900258781 = {
			isa = PBXGroup;
			children = (
				69A1D5541CCA08C900258781 /* NSURLProtocolDemo */,
				69A1D56E1CCA08C900258781 /* NSURLProtocolDemoTests */,
				69A1D5791CCA08C900258781 /* NSURLProtocolDemoUITests */,
				69A1D5531CCA08C900258781 /* Products */,
			);
			sourceTree = "<group>";
		};
		69A1D5531CCA08C900258781 /* Products */ = {
			isa = PBXGroup;
			children = (
				69A1D5521CCA08C900258781 /* NSURLProtocolDemo.app */,
				69A1D56B1CCA08C900258781 /* NSURLProtocolDemoTests.xctest */,
				69A1D5761CCA08C900258781 /* NSURLProtocolDemoUITests.xctest */,
			);
			name = Products;
			sourceTree = "<group>";
		};
		69A1D5541CCA08C900258781 /* NSURLProtocolDemo */ = {
			isa = PBXGroup;
			children = (
				69A1D5581CCA08C900258781 /* AppDelegate.h */,
				69A1D5591CCA08C900258781 /* AppDelegate.m */,
				69A1D55B1CCA08C900258781 /* ViewController.h */,
				69A1D55C1CCA08C900258781 /* ViewController.m */,
				69A1D5881CCA0A8A00258781 /* CCHTTPProtocol.h */,
				69A1D5891CCA0A8A00258781 /* CCHTTPProtocol.m */,
				69A1D55E1CCA08C900258781 /* Main.storyboard */,
				69A1D5611CCA08C900258781 /* Assets.xcassets */,
				69A1D5631CCA08C900258781 /* LaunchScreen.storyboard */,
				69A1D5661CCA08C900258781 /* Info.plist */,
				69A1D5551CCA08C900258781 /* Supporting Files */,
			);
			path = NSURLProtocolDemo;
			sourceTree = "<group>";
		};
		69A1D5551CCA08C900258781 /* Supporting Files */ = {
			isa = PBXGroup;
			children = (
				69A1D5561CCA08C900258781 /* main.m */,
			);
			name = "Supporting Files";
			sourceTree = "<group>";
		};
		69A1D56E1CCA08C900258781 /* NSURLProtocolDemoTests */ = {
			isa = PBXGroup;
			children = (
				69A1D56F1CCA08C900258781 /* NSURLProtocolDemoTests.m */,
				69A1D5711CCA08C900258781 /* Info.plist */,
			);
			path = NSURLProtocolDemoTests;
			sourceTree = "<group>";
		};
		69A1D5791CCA08C900258781 /* NSURLProtocolDemoUITests */ = {
			isa = PBXGroup;
			children = (
				69A1D57A1CCA08C900258781 /* NSURLProtocolDemoUITests.m */,
				69A1D57C1CCA08C900258781 /* Info.plist */,
			);
			path = NSURLProtocolDemoUITests;
			sourceTree = "<group>";
		};
/* End PBXGroup section */

/* Begin PBXNativeTarget section */
		69A1D5511CCA08C900258781 /* NSURLProtocolDemo */ = {
			isa = PBXNativeTarget;
			buildConfigurationList = 69A1D57F1CCA08C900258781 /* Build configuration list for PBXNativeTarget "NSURLProtocolDemo" */;
			buildPhases = (
				69A1D54E1CCA08C900258781 /* Sources */,
				69A1D54F1CCA08C900258781 /* Frameworks */,
				69A1D5501CCA08C900258781 /* Resources */,
			);
			buildRules = (
			);
			dependencies = (
			);
			name = NSURLProtocolDemo;
			productName = NSURLProtocolDemo;
			productReference = 69A1D5521CCA08C900258781 /* NSURLProtocolDemo.app */;
			productType = "com.apple.product-type.application";
		};
		69A1D56A1CCA08C900258781 /* NSURLProtocolDemoTests */ = {
			isa = PBXNativeTarget;
			buildConfigurationList = 69A1D5821CCA08C900258781 /* Build configuration list for PBXNativeTarget "NSURLProtocolDemoTests" */;
			buildPhases = (
				69A1D5671CCA08C900258781 /* Sources */,
				69A1D5681CCA08C900258781 /* Frameworks */,
				69A1D5691CCA08C900258781 /* Resources */,
			);
			buildRules = (
			);
			dependencies = (
				69A1D56D1CCA08C900258781 /* PBXTargetDependency */,
			);
			name = NSURLProtocolDemoTests;
			productName = NSURLProtocolDemoTests;
			productReference = 69A1D56B1CCA08C900258781 /* NSURLProtocolDemoTests.xctest */;
			productType = "com.apple.product-type.bundle.unit-test";
		};
		69A1D5751CCA08C900258781 /* NSURLProtocolDemoUITests */ = {
			isa = PBXNativeTarget;
			buildConfigurationList = 69A1D5851CCA08C900258781 /* Build configuration list for PBXNativeTarget "NSURLProtocolDemoUITests" */;
			buildPhases = (
				69A1D5721CCA08C900258781 /* Sources */,
				69A1D5731CCA08C900258781 /* Frameworks */,
				69A1D5741CCA08C900258781 /* Resources */,
			);
			buildRules = (
			);
			dependencies = (
				69A1D5781CCA08C900258781 /* PBXTargetDependency */,
			);
			name = NSURLProtocolDemoUITests;
			productName = NSURLProtocolDemoUITests;
			productReference = 69A1D5761CCA08C900258781 /* NSURLProtocolDemoUITests.xctest */;
			productType = "com.apple.product-type.bundle.ui-testing";
		};
/* End PBXNativeTarget section */

/* Begin PBXProject section */
		69A1D54A1CCA08C900258781 /* Project object */ = {
			isa = PBXProject;
			attributes = {
				LastUpgradeCheck = 0730;
				ORGANIZATIONNAME = "陈爱彬";
				TargetAttributes = {
					69A1D5511CCA08C900258781 = {
						CreatedOnToolsVersion = 7.3;
					};
					69A1D56A1CCA08C900258781 = {
						CreatedOnToolsVersion = 7.3;
						TestTargetID = 69A1D5511CCA08C900258781;
					};
					69A1D5751CCA08C900258781 = {
						CreatedOnToolsVersion = 7.3;
						TestTargetID = 69A1D5511CCA08C900258781;
					};
				};
			};
			buildConfigurationList = 69A1D54D1CCA08C900258781 /* Build configuration list for PBXProject "NSURLProtocolDemo" */;
			compatibilityVersion = "Xcode 3.2";
			developmentRegion = English;
			hasScannedForEncodings = 0;
			knownRegions = (
				en,
				Base,
			);
			mainGroup = 69A1D5491CCA08C900258781;
			productRefGroup = 69A1D5531CCA08C900258781 /* Products */;
			projectDirPath = "";
			projectRoot = "";
			targets = (
				69A1D5511CCA08C900258781 /* NSURLProtocolDemo */,
				69A1D56A1CCA08C900258781 /* NSURLProtocolDemoTests */,
				69A1D5751CCA08C900258781 /* NSURLProtocolDemoUITests */,
			);
		};
/* End PBXProject section */

/* Begin PBXResourcesBuildPhase section */
		69A1D5501CCA08C900258781 /* Resources */ = {
			isa = PBXResourcesBuildPhase;
			buildActionMask = 2147483647;
			files = (
				69A1D5651CCA08C900258781 /* LaunchScreen.storyboard in Resources */,
				69A1D5621CCA08C900258781 /* Assets.xcassets in Resources */,
				69A1D5601CCA08C900258781 /* Main.storyboard in Resources */,
			);
			runOnlyForDeploymentPostprocessing = 0;
		};
		69A1D5691CCA08C900258781 /* Resources */ = {
			isa = PBXResourcesBuildPhase;
			buildActionMask = 2147483647;
			files = (
			);
			runOnlyForDeploymentPostprocessing = 0;
		};
		69A1D5741CCA08C900258781 /* Resources */ = {
			isa = PBXResourcesBuildPhase;
			buildActionMask = 2147483647;
			files = (
			);
			runOnlyForDeploymentPostprocessing = 0;
		};
/* End PBXResourcesBuildPhase section */

/* Begin PBXSourcesBuildPhase section */
		69A1D54E1CCA08C900258781 /* Sources */ = {
			isa = PBXSourcesBuildPhase;
			buildActionMask = 2147483647;
			files = (
				69A1D55D1CCA08C900258781 /* ViewController.m in Sources */,
				69A1D55A1CCA08C900258781 /* AppDelegate.m in Sources */,
				69A1D5571CCA08C900258781 /* main.m in Sources */,
				69A1D58A1CCA0A8A00258781 /* CCHTTPProtocol.m in Sources */,
			);
			runOnlyForDeploymentPostprocessing = 0;
		};
		69A1D5671CCA08C900258781 /* Sources */ = {
			isa = PBXSourcesBuildPhase;
			buildActionMask = 2147483647;
			files = (
				69A1D5701CCA08C900258781 /* NSURLProtocolDemoTests.m in Sources */,
			);
			runOnlyForDeploymentPostprocessing = 0;
		};
		69A1D5721CCA08C900258781 /* Sources */ = {
			isa = PBXSourcesBuildPhase;
			buildActionMask = 2147483647;
			files = (
				69A1D57B1CCA08C900258781 /* NSURLProtocolDemoUITests.m in Sources */,
			);
			runOnlyForDeploymentPostprocessing = 0;
		};
/* End PBXSourcesBuildPhase section */

/* Begin PBXTargetDependency section */
		69A1D56D1CCA08C900258781 /* PBXTargetDependency */ = {
			isa = PBXTargetDependency;
			target = 69A1D5511CCA08C900258781 /* NSURLProtocolDemo */;
			targetProxy = 69A1D56C1CCA08C900258781 /* PBXContainerItemProxy */;
		};
		69A1D5781CCA08C900258781 /* PBXTargetDependency */ = {
			isa = PBXTargetDependency;
			target = 69A1D5511CCA08C900258781 /* NSURLProtocolDemo */;
			targetProxy = 69A1D5771CCA08C900258781 /* PBXContainerItemProxy */;
		};
/* End PBXTargetDependency section */

/* Begin PBXVariantGroup section */
		69A1D55E1CCA08C900258781 /* Main.storyboard */ = {
			isa = PBXVariantGroup;
			children = (
				69A1D55F1CCA08C900258781 /* Base */,
			);
			name = Main.storyboard;
			sourceTree = "<group>";
		};
		69A1D5631CCA08C900258781 /* LaunchScreen.storyboard */ = {
			isa = PBXVariantGroup;
			children = (
				69A1D5641CCA08C900258781 /* Base */,
			);
			name = LaunchScreen.storyboard;
			sourceTree = "<group>";
		};
/* End PBXVariantGroup section */

/* Begin XCBuildConfiguration section */
		69A1D57D1CCA08C900258781 /* Debug */ = {
			isa = XCBuildConfiguration;
			buildSettings = {
				ALWAYS_SEARCH_USER_PATHS = NO;
				CLANG_ANALYZER_NONNULL = YES;
				CLANG_CXX_LANGUAGE_STANDARD = "gnu++0x";
				CLANG_CXX_LIBRARY = "libc++";
				CLANG_ENABLE_MODULES = YES;
				CLANG_ENABLE_OBJC_ARC = YES;
				CLANG_WARN_BOOL_CONVERSION = YES;
				CLANG_WARN_CONSTANT_CONVERSION = YES;
				CLANG_WARN_DIRECT_OBJC_ISA_USAGE = YES_ERROR;
				CLANG_WARN_EMPTY_BODY = YES;
				CLANG_WARN_ENUM_CONVERSION = YES;
				CLANG_WARN_INT_CONVERSION = YES;
				CLANG_WARN_OBJC_ROOT_CLASS = YES_ERROR;
				CLANG_WARN_UNREACHABLE_CODE = YES;
				CLANG_WARN__DUPLICATE_METHOD_MATCH = YES;
				"CODE_SIGN_IDENTITY[sdk=iphoneos*]" = "iPhone Developer";
				COPY_PHASE_STRIP = NO;
				DEBUG_INFORMATION_FORMAT = dwarf;
				ENABLE_STRICT_OBJC_MSGSEND = YES;
				ENABLE_TESTABILITY = YES;
				GCC_C_LANGUAGE_STANDARD = gnu99;
				GCC_DYNAMIC_NO_PIC = NO;
				GCC_NO_COMMON_BLOCKS = YES;
				GCC_OPTIMIZATION_LEVEL = 0;
				GCC_PREPROCESSOR_DEFINITIONS = (
					"DEBUG=1",
					"$(inherited)",
				);
				GCC_WARN_64_TO_32_BIT_CONVERSION = YES;
				GCC_WARN_ABOUT_RETURN_TYPE = YES_ERROR;
				GCC_WARN_UNDECLARED_SELECTOR = YES;
				GCC_WARN_UNINITIALIZED_AUTOS = YES_AGGRESSIVE;
				GCC_WARN_UNUSED_FUNCTION = YES;
				GCC_WARN_UNUSED_VARIABLE = YES;
				IPHONEOS_DEPLOYMENT_TARGET = 9.3;
				MTL_ENABLE_DEBUG_INFO = YES;
				ONLY_ACTIVE_ARCH = YES;
				SDKROOT = iphoneos;
			};
			name = Debug;
		};
		69A1D57E1CCA08C900258781 /* Release */ = {
			isa = XCBuildConfiguration;
			buildSettings = {
				ALWAYS_SEARCH_USER_PATHS = NO;
				CLANG_ANALYZER_NONNULL = YES;
				CLANG_CXX_LANGUAGE_STANDARD = "gnu++0x";
				CLANG_CXX_LIBRARY = "libc++";
				CLANG_ENABLE_MODULES = YES;
				CLANG_ENABLE_OBJC_ARC = YES;
				CLANG_WARN_BOOL_CONVERSION = YES;
				CLANG_WARN_CONSTANT_CONVERSION = YES;
				CLANG_WARN_DIRECT_OBJC_ISA_USAGE = YES_ERROR;
				CLANG_WARN_EMPTY_BODY = YES;
				CLANG_WARN_ENUM_CONVERSION = YES;
				CLANG_WARN_INT_CONVERSION = YES;
				CLANG_WARN_OBJC_ROOT_CLASS = YES_ERROR;
				CLANG_WARN_UNREACHABLE_CODE = YES;
				CLANG_WARN__DUPLICATE_METHOD_MATCH = YES;
				"CODE_SIGN_IDENTITY[sdk=iphoneos*]" = "iPhone Developer";
				COPY_PHASE_STRIP = NO;
				DEBUG_INFORMATION_FORMAT = "dwarf-with-dsym";
				ENABLE_NS_ASSERTIONS = NO;
				ENABLE_STRICT_OBJC_MSGSEND = YES;
				GCC_C_LANGUAGE_STANDARD = gnu99;
				GCC_NO_COMMON_BLOCKS = YES;
				GCC_WARN_64_TO_32_BIT_CONVERSION = YES;
				GCC_WARN_ABOUT_RETURN_TYPE = YES_ERROR;
				GCC_WARN_UNDECLARED_SELECTOR = YES;
				GCC_WARN_UNINITIALIZED_AUTOS = YES_AGGRESSIVE;
				GCC_WARN_UNUSED_FUNCTION = YES;
				GCC_WARN_UNUSED_VARIABLE = YES;
				IPHONEOS_DEPLOYMENT_TARGET = 9.3;
				MTL_ENABLE_DEBUG_INFO = NO;
				SDKROOT = iphoneos;
				VALIDATE_PRODUCT = YES;
			};
			name = Release;
		};
		69A1D5801CCA08C900258781 /* Debug */ = {
			isa = XCBuildConfiguration;
			buildSettings = {
				ASSETCATALOG_COMPILER_APPICON_NAME = AppIcon;
				INFOPLIST_FILE = NSURLProtocolDemo/Info.plist;
				IPHONEOS_DEPLOYMENT_TARGET = 7.0;
				LD_RUNPATH_SEARCH_PATHS = "$(inherited) @executable_path/Frameworks";
				PRODUCT_BUNDLE_IDENTIFIER = com.tuxing.test.NSURLProtocolDemo;
				PRODUCT_NAME = "$(TARGET_NAME)";
			};
			name = Debug;
		};
		69A1D5811CCA08C900258781 /* Release */ = {
			isa = XCBuildConfiguration;
			buildSettings = {
				ASSETCATALOG_COMPILER_APPICON_NAME = AppIcon;
				INFOPLIST_FILE = NSURLProtocolDemo/Info.plist;
				IPHONEOS_DEPLOYMENT_TARGET = 7.0;
				LD_RUNPATH_SEARCH_PATHS = "$(inherited) @executable_path/Frameworks";
				PRODUCT_BUNDLE_IDENTIFIER = com.tuxing.test.NSURLProtocolDemo;
				PRODUCT_NAME = "$(TARGET_NAME)";
			};
			name = Release;
		};
		69A1D5831CCA08C900258781 /* Debug */ = {
			isa = XCBuildConfiguration;
			buildSettings = {
				BUNDLE_LOADER = "$(TEST_HOST)";
				INFOPLIST_FILE = NSURLProtocolDemoTests/Info.plist;
				LD_RUNPATH_SEARCH_PATHS = "$(inherited) @executable_path/Frameworks @loader_path/Frameworks";
				PRODUCT_BUNDLE_IDENTIFIER = com.tuxing.test.NSURLProtocolDemoTests;
				PRODUCT_NAME = "$(TARGET_NAME)";
				TEST_HOST = "$(BUILT_PRODUCTS_DIR)/NSURLProtocolDemo.app/NSURLProtocolDemo";
			};
			name = Debug;
		};
		69A1D5841CCA08C900258781 /* Release */ = {
			isa = XCBuildConfiguration;
			buildSettings = {
				BUNDLE_LOADER = "$(TEST_HOST)";
				INFOPLIST_FILE = NSURLProtocolDemoTests/Info.plist;
				LD_RUNPATH_SEARCH_PATHS = "$(inherited) @executable_path/Frameworks @loader_path/Frameworks";
				PRODUCT_BUNDLE_IDENTIFIER = com.tuxing.test.NSURLProtocolDemoTests;
				PRODUCT_NAME = "$(TARGET_NAME)";
				TEST_HOST = "$(BUILT_PRODUCTS_DIR)/NSURLProtocolDemo.app/NSURLProtocolDemo";
			};
			name = Release;
		};
		69A1D5861CCA08C900258781 /* Debug */ = {
			isa = XCBuildConfiguration;
			buildSettings = {
				INFOPLIST_FILE = NSURLProtocolDemoUITests/Info.plist;
				LD_RUNPATH_SEARCH_PATHS = "$(inherited) @executable_path/Frameworks @loader_path/Frameworks";
				PRODUCT_BUNDLE_IDENTIFIER = com.tuxing.test.NSURLProtocolDemoUITests;
				PRODUCT_NAME = "$(TARGET_NAME)";
				TEST_TARGET_NAME = NSURLProtocolDemo;
			};
			name = Debug;
		};
		69A1D5871CCA08C900258781 /* Release */ = {
			isa = XCBuildConfiguration;
			buildSettings = {
				INFOPLIST_FILE = NSURLProtocolDemoUITests/Info.plist;
				LD_RUNPATH_SEARCH_PATHS = "$(inherited) @executable_path/Frameworks @loader_path/Frameworks";
				PRODUCT_BUNDLE_IDENTIFIER = com.tuxing.test.NSURLProtocolDemoUITests;
				PRODUCT_NAME = "$(TARGET_NAME)";
				TEST_TARGET_NAME = NSURLProtocolDemo;
			};
			name = Release;
		};
/* End XCBuildConfiguration section */

/* Begin XCConfigurationList section */
		69A1D54D1CCA08C900258781 /* Build configuration list for PBXProject "NSURLProtocolDemo" */ = {
			isa = XCConfigurationList;
			buildConfigurations = (
				69A1D57D1CCA08C900258781 /* Debug */,
				69A1D57E1CCA08C900258781 /* Release */,
			);
			defaultConfigurationIsVisible = 0;
			defaultConfigurationName = Release;
		};
		69A1D57F1CCA08C900258781 /* Build configuration list for PBXNativeTarget "NSURLProtocolDemo" */ = {
			isa = XCConfigurationList;
			buildConfigurations = (
				69A1D5801CCA08C900258781 /* Debug */,
				69A1D5811CCA08C900258781 /* Release */,
			);
			defaultConfigurationIsVisible = 0;
			defaultConfigurationName = Release;
		};
		69A1D5821CCA08C900258781 /* Build configuration list for PBXNativeTarget "NSURLProtocolDemoTests" */ = {
			isa = XCConfigurationList;
			buildConfigurations = (
				69A1D5831CCA08C900258781 /* Debug */,
				69A1D5841CCA08C900258781 /* Release */,
			);
			defaultConfigurationIsVisible = 0;
			defaultConfigurationName = Release;
		};
		69A1D5851CCA08C900258781 /* Build configuration list for PBXNativeTarget "NSURLProtocolDemoUITests" */ = {
			isa = XCConfigurationList;
			buildConfigurations = (
				69A1D5861CCA08C900258781 /* Debug */,
				69A1D5871CCA08C900258781 /* Release */,
			);
			defaultConfigurationIsVisible = 0;
			defaultConfigurationName = Release;
		};
/* End XCConfigurationList section */
	};
	rootObject = 69A1D54A1CCA08C900258781 /* Project object */;
}
